
Microsoft Visual Studio Solution File, Format Version 12.00
# Visual Studio 15
VisualStudioVersion = 15.0.27428.2027
MinimumVisualStudioVersion = 10.0.40219.1
Project("{9092AA53-FB77-4645-B42D-1CCCA6BD08BD}") = "SummonerWay", "SummonerWay\SummonerWay.njsproj", "{61FA2F32-396A-4212-999D-A10F34D0A737}"
EndProject
Global
	GlobalSection(SolutionConfigurationPlatforms) = preSolution
		Debug|Any CPU = Debug|Any CPU
		Release|Any CPU = Release|Any CPU
	EndGlobalSection
	GlobalSection(ProjectConfigurationPlatforms) = postSolution
		{61FA2F32-396A-4212-999D-A10F34D0A737}.Debug|Any CPU.ActiveCfg = Debug|Any CPU
		{61FA2F32-396A-4212-999D-A10F34D0A737}.Debug|Any CPU.Build.0 = Debug|Any CPU
		{61FA2F32-396A-4212-999D-A10F34D0A737}.Release|Any CPU.ActiveCfg = Release|Any CPU
		{61FA2F32-396A-4212-999D-A10F34D0A737}.Release|Any CPU.Build.0 = Release|Any CPU
	EndGlobalSection
	GlobalSection(SolutionProperties) = preSolution
		HideSolutionNode = FALSE
	EndGlobalSection
	GlobalSection(ExtensibilityGlobals) = postSolution
		SolutionGuid = {F41F0A7C-2A9B-4353-9388-F1E6B3517732}
	EndGlobalSection
EndGlobal
